// !$*UTF8*$!
{
	archiveVersion = 1;
	classes = {
	};
	objectVersion = 46;
	objects = {

/* Begin PBXBuildFile section */
		050DB8AB148933AD00812267 /* C3Math-conversions.h in Headers */ = {isa = PBXBuildFile; fileRef = 050DB8A0148933AD00812267 /* C3Math-conversions.h */; settings = {ATTRIBUTES = (Public, ); }; };
		050DB8AC148933AD00812267 /* C3Math-generic-extern.h in Headers */ = {isa = PBXBuildFile; fileRef = 050DB8A1148933AD00812267 /* C3Math-generic-extern.h */; };
		050DB8AD148933AD00812267 /* C3Math-generic-inline.h in Headers */ = {isa = PBXBuildFile; fileRef = 050DB8A2148933AD00812267 /* C3Math-generic-inline.h */; settings = {ATTRIBUTES = (Public, ); }; };
		050DB8AE148933AD00812267 /* C3Math-generic-defs.h in Headers */ = {isa = PBXBuildFile; fileRef = 050DB8A3148933AD00812267 /* C3Math-generic-defs.h */; settings = {ATTRIBUTES = (Public, ); }; };
		050DB8AF148933AD00812267 /* C3Math-generic-defs.hpp in Headers */ = {isa = PBXBuildFile; fileRef = 050DB8A4148933AD00812267 /* C3Math-generic-defs.hpp */; settings = {ATTRIBUTES = (Public, ); }; };
		050DB8B0148933AD00812267 /* C3Math-generic-protos.h in Headers */ = {isa = PBXBuildFile; fileRef = 050DB8A5148933AD00812267 /* C3Math-generic-protos.h */; settings = {ATTRIBUTES = (Public, ); }; };
		050DB8B1148933AD00812267 /* C3Math.c in Sources */ = {isa = PBXBuildFile; fileRef = 050DB8A6148933AD00812267 /* C3Math.c */; };
		050DB8B2148933AD00812267 /* C3Math.cpp in Sources */ = {isa = PBXBuildFile; fileRef = 050DB8A7148933AD00812267 /* C3Math.cpp */; };
		050DB8B3148933AD00812267 /* C3Math.h in Headers */ = {isa = PBXBuildFile; fileRef = 050DB8A8148933AD00812267 /* C3Math.h */; settings = {ATTRIBUTES = (Public, ); }; };
		050DB8B4148933AD00812267 /* C3Math.hpp in Headers */ = {isa = PBXBuildFile; fileRef = 050DB8A9148933AD00812267 /* C3Math.hpp */; settings = {ATTRIBUTES = (Public, ); }; };
		050DB8B5148933AD00812267 /* C3TriangleBoxOverlap-generic.h in Headers */ = {isa = PBXBuildFile; fileRef = 050DB8AA148933AD00812267 /* C3TriangleBoxOverlap-generic.h */; settings = {ATTRIBUTES = (Public, ); }; };
		0527787D148B7339000DF81B /* main.c in Sources */ = {isa = PBXBuildFile; fileRef = 0527787C148B7339000DF81B /* main.c */; };
		05277884148B7366000DF81B /* libCeedMath.mac.a in Frameworks */ = {isa = PBXBuildFile; fileRef = 050DB891148932FA00812267 /* libCeedMath.mac.a */; };
		0527788C148BAA66000DF81B /* CeedMath.h in Headers */ = {isa = PBXBuildFile; fileRef = 0527788B148BAA66000DF81B /* CeedMath.h */; settings = {ATTRIBUTES = (Public, ); }; };
		0527788D148BAA66000DF81B /* CeedMath.h in Headers */ = {isa = PBXBuildFile; fileRef = 0527788B148BAA66000DF81B /* CeedMath.h */; settings = {ATTRIBUTES = (Public, ); }; };
		05CBD5F91489601F008AB772 /* C3Math-conversions.h in Headers */ = {isa = PBXBuildFile; fileRef = 050DB8A0148933AD00812267 /* C3Math-conversions.h */; settings = {ATTRIBUTES = (Public, ); }; };
		05CBD5FA1489601F008AB772 /* C3Math-generic-extern.h in Headers */ = {isa = PBXBuildFile; fileRef = 050DB8A1148933AD00812267 /* C3Math-generic-extern.h */; };
		05CBD5FB1489601F008AB772 /* C3Math-generic-inline.h in Headers */ = {isa = PBXBuildFile; fileRef = 050DB8A2148933AD00812267 /* C3Math-generic-inline.h */; settings = {ATTRIBUTES = (Public, ); }; };
		05CBD5FC1489601F008AB772 /* C3Math-generic-defs.h in Headers */ = {isa = PBXBuildFile; fileRef = 050DB8A3148933AD00812267 /* C3Math-generic-defs.h */; settings = {ATTRIBUTES = (Public, ); }; };
		05CBD5FD1489601F008AB772 /* C3Math-generic-defs.hpp in Headers */ = {isa = PBXBuildFile; fileRef = 050DB8A4148933AD00812267 /* C3Math-generic-defs.hpp */; settings = {ATTRIBUTES = (Public, ); }; };
		05CBD5FE1489601F008AB772 /* C3Math-generic-protos.h in Headers */ = {isa = PBXBuildFile; fileRef = 050DB8A5148933AD00812267 /* C3Math-generic-protos.h */; settings = {ATTRIBUTES = (Public, ); }; };
		05CBD5FF1489601F008AB772 /* C3Math.h in Headers */ = {isa = PBXBuildFile; fileRef = 050DB8A8148933AD00812267 /* C3Math.h */; settings = {ATTRIBUTES = (Public, ); }; };
		05CBD6001489601F008AB772 /* C3Math.hpp in Headers */ = {isa = PBXBuildFile; fileRef = 050DB8A9148933AD00812267 /* C3Math.hpp */; settings = {ATTRIBUTES = (Public, ); }; };
		05CBD6011489601F008AB772 /* C3TriangleBoxOverlap-generic.h in Headers */ = {isa = PBXBuildFile; fileRef = 050DB8AA148933AD00812267 /* C3TriangleBoxOverlap-generic.h */; settings = {ATTRIBUTES = (Public, ); }; };
		05CBD6031489601F008AB772 /* C3Math.c in Sources */ = {isa = PBXBuildFile; fileRef = 050DB8A6148933AD00812267 /* C3Math.c */; };
		05CBD6041489601F008AB772 /* C3Math.cpp in Sources */ = {isa = PBXBuildFile; fileRef = 050DB8A7148933AD00812267 /* C3Math.cpp */; };
		691539E61D86E838001F00B3 /* C3Math-conversions.h in Headers */ = {isa = PBXBuildFile; fileRef = 050DB8A0148933AD00812267 /* C3Math-conversions.h */; settings = {ATTRIBUTES = (Public, ); }; };
		691539E71D86E838001F00B3 /* C3Math-generic-extern.h in Headers */ = {isa = PBXBuildFile; fileRef = 050DB8A1148933AD00812267 /* C3Math-generic-extern.h */; };
		691539E81D86E838001F00B3 /* C3Math-generic-inline.h in Headers */ = {isa = PBXBuildFile; fileRef = 050DB8A2148933AD00812267 /* C3Math-generic-inline.h */; settings = {ATTRIBUTES = (Public, ); }; };
		691539E91D86E838001F00B3 /* C3Math-generic-defs.h in Headers */ = {isa = PBXBuildFile; fileRef = 050DB8A3148933AD00812267 /* C3Math-generic-defs.h */; settings = {ATTRIBUTES = (Public, ); }; };
		691539EA1D86E838001F00B3 /* C3Math-generic-defs.hpp in Headers */ = {isa = PBXBuildFile; fileRef = 050DB8A4148933AD00812267 /* C3Math-generic-defs.hpp */; settings = {ATTRIBUTES = (Public, ); }; };
		691539EB1D86E838001F00B3 /* C3Math-generic-protos.h in Headers */ = {isa = PBXBuildFile; fileRef = 050DB8A5148933AD00812267 /* C3Math-generic-protos.h */; settings = {ATTRIBUTES = (Public, ); }; };
		691539EC1D86E838001F00B3 /* C3Math.h in Headers */ = {isa = PBXBuildFile; fileRef = 050DB8A8148933AD00812267 /* C3Math.h */; settings = {ATTRIBUTES = (Public, ); }; };
		691539ED1D86E838001F00B3 /* C3Math.hpp in Headers */ = {isa = PBXBuildFile; fileRef = 050DB8A9148933AD00812267 /* C3Math.hpp */; settings = {ATTRIBUTES = (Public, ); }; };
		691539EE1D86E838001F00B3 /* C3TriangleBoxOverlap-generic.h in Headers */ = {isa = PBXBuildFile; fileRef = 050DB8AA148933AD00812267 /* C3TriangleBoxOverlap-generic.h */; settings = {ATTRIBUTES = (Public, ); }; };
		691539EF1D86E838001F00B3 /* CeedMath.h in Headers */ = {isa = PBXBuildFile; fileRef = 0527788B148BAA66000DF81B /* CeedMath.h */; settings = {ATTRIBUTES = (Public, ); }; };
		691539F11D86E838001F00B3 /* C3Math.c in Sources */ = {isa = PBXBuildFile; fileRef = 050DB8A6148933AD00812267 /* C3Math.c */; };
		691539F21D86E838001F00B3 /* C3Math.cpp in Sources */ = {isa = PBXBuildFile; fileRef = 050DB8A7148933AD00812267 /* C3Math.cpp */; };
		69DEA6281F8FC44F00B1AB7A /* stub.c in Sources */ = {isa = PBXBuildFile; fileRef = 69DEA6261F8FC44200B1AB7A /* stub.c */; };
		69DEA63F1F8FC57A00B1AB7A /* stub.c in Sources */ = {isa = PBXBuildFile; fileRef = 69DEA6261F8FC44200B1AB7A /* stub.c */; };
/* End PBXBuildFile section */

/* Begin PBXContainerItemProxy section */
		05277885148B73B6000DF81B /* PBXContainerItemProxy */ = {
			isa = PBXContainerItemProxy;
			containerPortal = 050DB888148932FA00812267 /* Project object */;
			proxyType = 1;
			remoteGlobalIDString = 050DB890148932FA00812267;
			remoteInfo = CeedMath.mac;
		};
		056306402029C24600B1FCE8 /* PBXContainerItemProxy */ = {
			isa = PBXContainerItemProxy;
			containerPortal = 050DB888148932FA00812267 /* Project object */;
			proxyType = 1;
			remoteGlobalIDString = 05CBD5F71489601F008AB772;
			remoteInfo = CeedMath.ios;
		};
		69DEA6231F8FC3CC00B1AB7A /* PBXContainerItemProxy */ = {
			isa = PBXContainerItemProxy;
			containerPortal = 050DB888148932FA00812267 /* Project object */;
			proxyType = 1;
			remoteGlobalIDString = 691539E41D86E838001F00B3;
			remoteInfo = CeedMath.tvos;
		};
/* End PBXContainerItemProxy section */

/* Begin PBXCopyFilesBuildPhase section */
		05277877148B7339000DF81B /* CopyFiles */ = {
			isa = PBXCopyFilesBuildPhase;
			buildActionMask = 2147483647;
			dstPath = /usr/share/man/man1/;
			dstSubfolderSpec = 0;
			files = (
			);
			runOnlyForDeploymentPostprocessing = 1;
		};
/* End PBXCopyFilesBuildPhase section */

/* Begin PBXFileReference section */
		050DB891148932FA00812267 /* libCeedMath.mac.a */ = {isa = PBXFileReference; explicitFileType = archive.ar; includeInIndex = 0; path = libCeedMath.mac.a; sourceTree = BUILT_PRODUCTS_DIR; };
		050DB8A0148933AD00812267 /* C3Math-conversions.h */ = {isa = PBXFileReference; fileEncoding = 4; lastKnownFileType = sourcecode.c.h; path = "C3Math-conversions.h"; sourceTree = "<group>"; };
		050DB8A1148933AD00812267 /* C3Math-generic-extern.h */ = {isa = PBXFileReference; fileEncoding = 4; lastKnownFileType = sourcecode.c.h; path = "C3Math-generic-extern.h"; sourceTree = "<group>"; };
		050DB8A2148933AD00812267 /* C3Math-generic-inline.h */ = {isa = PBXFileReference; fileEncoding = 4; lastKnownFileType = sourcecode.c.h; path = "C3Math-generic-inline.h"; sourceTree = "<group>"; };
		050DB8A3148933AD00812267 /* C3Math-generic-defs.h */ = {isa = PBXFileReference; fileEncoding = 4; lastKnownFileType = sourcecode.c.h; path = "C3Math-generic-defs.h"; sourceTree = "<group>"; };
		050DB8A4148933AD00812267 /* C3Math-generic-defs.hpp */ = {isa = PBXFileReference; fileEncoding = 4; lastKnownFileType = sourcecode.cpp.h; path = "C3Math-generic-defs.hpp"; sourceTree = "<group>"; };
		050DB8A5148933AD00812267 /* C3Math-generic-protos.h */ = {isa = PBXFileReference; fileEncoding = 4; lastKnownFileType = sourcecode.c.h; path = "C3Math-generic-protos.h"; sourceTree = "<group>"; };
		050DB8A6148933AD00812267 /* C3Math.c */ = {isa = PBXFileReference; fileEncoding = 4; lastKnownFileType = sourcecode.c.c; path = C3Math.c; sourceTree = "<group>"; };
		050DB8A7148933AD00812267 /* C3Math.cpp */ = {isa = PBXFileReference; fileEncoding = 4; lastKnownFileType = sourcecode.cpp.cpp; path = C3Math.cpp; sourceTree = "<group>"; };
		050DB8A8148933AD00812267 /* C3Math.h */ = {isa = PBXFileReference; fileEncoding = 4; lastKnownFileType = sourcecode.c.h; path = C3Math.h; sourceTree = "<group>"; };
		050DB8A9148933AD00812267 /* C3Math.hpp */ = {isa = PBXFileReference; fileEncoding = 4; lastKnownFileType = sourcecode.cpp.h; path = C3Math.hpp; sourceTree = "<group>"; };
		050DB8AA148933AD00812267 /* C3TriangleBoxOverlap-generic.h */ = {isa = PBXFileReference; fileEncoding = 4; lastKnownFileType = sourcecode.c.h; path = "C3TriangleBoxOverlap-generic.h"; sourceTree = "<group>"; };
		05277879148B7339000DF81B /* CeedMathDemo */ = {isa = PBXFileReference; explicitFileType = "compiled.mach-o.executable"; includeInIndex = 0; path = CeedMathDemo; sourceTree = BUILT_PRODUCTS_DIR; };
		0527787C148B7339000DF81B /* main.c */ = {isa = PBXFileReference; lastKnownFileType = sourcecode.c.c; path = main.c; sourceTree = "<group>"; };
		0527788B148BAA66000DF81B /* CeedMath.h */ = {isa = PBXFileReference; fileEncoding = 4; lastKnownFileType = sourcecode.c.h; path = CeedMath.h; sourceTree = "<group>"; };
		05CBD6091489601F008AB772 /* libCeedMath.ios.a */ = {isa = PBXFileReference; explicitFileType = archive.ar; includeInIndex = 0; path = libCeedMath.ios.a; sourceTree = BUILT_PRODUCTS_DIR; };
		691539F91D86E838001F00B3 /* libCeedMath.tvos.a */ = {isa = PBXFileReference; explicitFileType = archive.ar; includeInIndex = 0; path = libCeedMath.tvos.a; sourceTree = BUILT_PRODUCTS_DIR; };
		69DEA6221F8FC3A600B1AB7A /* libCeedMath-stub.tvos.a */ = {isa = PBXFileReference; explicitFileType = archive.ar; includeInIndex = 0; path = "libCeedMath-stub.tvos.a"; sourceTree = BUILT_PRODUCTS_DIR; };
		69DEA6261F8FC44200B1AB7A /* stub.c */ = {isa = PBXFileReference; fileEncoding = 4; lastKnownFileType = sourcecode.c.c; path = stub.c; sourceTree = SOURCE_ROOT; };
		69DEA63E1F8FC55F00B1AB7A /* libCeedMath-stub.ios.a */ = {isa = PBXFileReference; explicitFileType = archive.ar; includeInIndex = 0; path = "libCeedMath-stub.ios.a"; sourceTree = BUILT_PRODUCTS_DIR; };
/* End PBXFileReference section */

/* Begin PBXFrameworksBuildPhase section */
		050DB88E148932FA00812267 /* Frameworks */ = {
			isa = PBXFrameworksBuildPhase;
			buildActionMask = 2147483647;
			files = (
			);
			runOnlyForDeploymentPostprocessing = 0;
		};
		05277876148B7339000DF81B /* Frameworks */ = {
			isa = PBXFrameworksBuildPhase;
			buildActionMask = 2147483647;
			files = (
				05277884148B7366000DF81B /* libCeedMath.mac.a in Frameworks */,
			);
			runOnlyForDeploymentPostprocessing = 0;
		};
		05CBD6051489601F008AB772 /* Frameworks */ = {
			isa = PBXFrameworksBuildPhase;
			buildActionMask = 2147483647;
			files = (
			);
			runOnlyForDeploymentPostprocessing = 0;
		};
		691539F31D86E838001F00B3 /* Frameworks */ = {
			isa = PBXFrameworksBuildPhase;
			buildActionMask = 2147483647;
			files = (
			);
			runOnlyForDeploymentPostprocessing = 0;
		};
		69DEA61C1F8FC3A500B1AB7A /* Frameworks */ = {
			isa = PBXFrameworksBuildPhase;
			buildActionMask = 2147483647;
			files = (
			);
			runOnlyForDeploymentPostprocessing = 0;
		};
		69DEA6381F8FC55F00B1AB7A /* Frameworks */ = {
			isa = PBXFrameworksBuildPhase;
			buildActionMask = 2147483647;
			files = (
			);
			runOnlyForDeploymentPostprocessing = 0;
		};
/* End PBXFrameworksBuildPhase section */

/* Begin PBXGroup section */
		050DB886148932FA00812267 = {
			isa = PBXGroup;
			children = (
				050DB89F1489332C00812267 /* Sources */,
				69DEA6251F8FC43000B1AB7A /* Other Sources */,
				0527787B148B7339000DF81B /* CeedMathDemo */,
				050DB892148932FA00812267 /* Products */,
			);
			sourceTree = "<group>";
		};
		050DB892148932FA00812267 /* Products */ = {
			isa = PBXGroup;
			children = (
				050DB891148932FA00812267 /* libCeedMath.mac.a */,
				05CBD6091489601F008AB772 /* libCeedMath.ios.a */,
				05277879148B7339000DF81B /* CeedMathDemo */,
				691539F91D86E838001F00B3 /* libCeedMath.tvos.a */,
				69DEA6221F8FC3A600B1AB7A /* libCeedMath-stub.tvos.a */,
				69DEA63E1F8FC55F00B1AB7A /* libCeedMath-stub.ios.a */,
			);
			name = Products;
			sourceTree = "<group>";
		};
		050DB89F1489332C00812267 /* Sources */ = {
			isa = PBXGroup;
			children = (
				0527788B148BAA66000DF81B /* CeedMath.h */,
				050DB8A0148933AD00812267 /* C3Math-conversions.h */,
				050DB8A1148933AD00812267 /* C3Math-generic-extern.h */,
				050DB8A2148933AD00812267 /* C3Math-generic-inline.h */,
				050DB8A3148933AD00812267 /* C3Math-generic-defs.h */,
				050DB8A4148933AD00812267 /* C3Math-generic-defs.hpp */,
				050DB8A5148933AD00812267 /* C3Math-generic-protos.h */,
				050DB8AA148933AD00812267 /* C3TriangleBoxOverlap-generic.h */,
				050DB8A6148933AD00812267 /* C3Math.c */,
				050DB8A7148933AD00812267 /* C3Math.cpp */,
				050DB8A8148933AD00812267 /* C3Math.h */,
				050DB8A9148933AD00812267 /* C3Math.hpp */,
			);
			path = Sources;
			sourceTree = "<group>";
		};
		0527787B148B7339000DF81B /* CeedMathDemo */ = {
			isa = PBXGroup;
			children = (
				0527787C148B7339000DF81B /* main.c */,
			);
			path = CeedMathDemo;
			sourceTree = "<group>";
		};
		69DEA6251F8FC43000B1AB7A /* Other Sources */ = {
			isa = PBXGroup;
			children = (
				69DEA6261F8FC44200B1AB7A /* stub.c */,
			);
			name = "Other Sources";
			path = Sources;
			sourceTree = "<group>";
		};
/* End PBXGroup section */

/* Begin PBXHeadersBuildPhase section */
		050DB88F148932FA00812267 /* Headers */ = {
			isa = PBXHeadersBuildPhase;
			buildActionMask = 2147483647;
			files = (
				050DB8AB148933AD00812267 /* C3Math-conversions.h in Headers */,
				050DB8AC148933AD00812267 /* C3Math-generic-extern.h in Headers */,
				050DB8AD148933AD00812267 /* C3Math-generic-inline.h in Headers */,
				050DB8AE148933AD00812267 /* C3Math-generic-defs.h in Headers */,
				050DB8AF148933AD00812267 /* C3Math-generic-defs.hpp in Headers */,
				050DB8B0148933AD00812267 /* C3Math-generic-protos.h in Headers */,
				050DB8B3148933AD00812267 /* C3Math.h in Headers */,
				050DB8B4148933AD00812267 /* C3Math.hpp in Headers */,
				050DB8B5148933AD00812267 /* C3TriangleBoxOverlap-generic.h in Headers */,
				0527788C148BAA66000DF81B /* CeedMath.h in Headers */,
			);
			runOnlyForDeploymentPostprocessing = 0;
		};
		05CBD5F81489601F008AB772 /* Headers */ = {
			isa = PBXHeadersBuildPhase;
			buildActionMask = 2147483647;
			files = (
				05CBD5F91489601F008AB772 /* C3Math-conversions.h in Headers */,
				05CBD5FA1489601F008AB772 /* C3Math-generic-extern.h in Headers */,
				05CBD5FB1489601F008AB772 /* C3Math-generic-inline.h in Headers */,
				05CBD5FC1489601F008AB772 /* C3Math-generic-defs.h in Headers */,
				05CBD5FD1489601F008AB772 /* C3Math-generic-defs.hpp in Headers */,
				05CBD5FE1489601F008AB772 /* C3Math-generic-protos.h in Headers */,
				05CBD5FF1489601F008AB772 /* C3Math.h in Headers */,
				05CBD6001489601F008AB772 /* C3Math.hpp in Headers */,
				05CBD6011489601F008AB772 /* C3TriangleBoxOverlap-generic.h in Headers */,
				0527788D148BAA66000DF81B /* CeedMath.h in Headers */,
			);
			runOnlyForDeploymentPostprocessing = 0;
		};
		691539E51D86E838001F00B3 /* Headers */ = {
			isa = PBXHeadersBuildPhase;
			buildActionMask = 2147483647;
			files = (
				691539E61D86E838001F00B3 /* C3Math-conversions.h in Headers */,
				691539E71D86E838001F00B3 /* C3Math-generic-extern.h in Headers */,
				691539E81D86E838001F00B3 /* C3Math-generic-inline.h in Headers */,
				691539E91D86E838001F00B3 /* C3Math-generic-defs.h in Headers */,
				691539EA1D86E838001F00B3 /* C3Math-generic-defs.hpp in Headers */,
				691539EB1D86E838001F00B3 /* C3Math-generic-protos.h in Headers */,
				691539EC1D86E838001F00B3 /* C3Math.h in Headers */,
				691539ED1D86E838001F00B3 /* C3Math.hpp in Headers */,
				691539EE1D86E838001F00B3 /* C3TriangleBoxOverlap-generic.h in Headers */,
				691539EF1D86E838001F00B3 /* CeedMath.h in Headers */,
			);
			runOnlyForDeploymentPostprocessing = 0;
		};
/* End PBXHeadersBuildPhase section */

/* Begin PBXNativeTarget section */
		050DB890148932FA00812267 /* CeedMath.mac */ = {
			isa = PBXNativeTarget;
			buildConfigurationList = 050DB895148932FA00812267 /* Build configuration list for PBXNativeTarget "CeedMath.mac" */;
			buildPhases = (
				050DB88F148932FA00812267 /* Headers */,
				050DB88D148932FA00812267 /* Sources */,
				050DB88E148932FA00812267 /* Frameworks */,
			);
			buildRules = (
			);
			dependencies = (
			);
			name = CeedMath.mac;
			productName = CeedMath;
			productReference = 050DB891148932FA00812267 /* libCeedMath.mac.a */;
			productType = "com.apple.product-type.library.static";
		};
		05277878148B7339000DF81B /* CeedMathDemo */ = {
			isa = PBXNativeTarget;
			buildConfigurationList = 05277882148B7339000DF81B /* Build configuration list for PBXNativeTarget "CeedMathDemo" */;
			buildPhases = (
				05277875148B7339000DF81B /* Sources */,
				05277876148B7339000DF81B /* Frameworks */,
				05277877148B7339000DF81B /* CopyFiles */,
			);
			buildRules = (
			);
			dependencies = (
				05277886148B73B6000DF81B /* PBXTargetDependency */,
			);
			name = CeedMathDemo;
			productName = CeedMathDemo;
			productReference = 05277879148B7339000DF81B /* CeedMathDemo */;
			productType = "com.apple.product-type.tool";
		};
		05CBD5F71489601F008AB772 /* CeedMath.ios */ = {
			isa = PBXNativeTarget;
			buildConfigurationList = 05CBD6061489601F008AB772 /* Build configuration list for PBXNativeTarget "CeedMath.ios" */;
			buildPhases = (
				05CBD5F81489601F008AB772 /* Headers */,
				05CBD6021489601F008AB772 /* Sources */,
				05CBD6051489601F008AB772 /* Frameworks */,
			);
			buildRules = (
			);
			dependencies = (
			);
			name = CeedMath.ios;
			productName = CeedMath;
			productReference = 05CBD6091489601F008AB772 /* libCeedMath.ios.a */;
			productType = "com.apple.product-type.library.static";
		};
		691539E41D86E838001F00B3 /* CeedMath.tvos */ = {
			isa = PBXNativeTarget;
			buildConfigurationList = 691539F41D86E838001F00B3 /* Build configuration list for PBXNativeTarget "CeedMath.tvos" */;
			buildPhases = (
				691539E51D86E838001F00B3 /* Headers */,
				691539F01D86E838001F00B3 /* Sources */,
				691539F31D86E838001F00B3 /* Frameworks */,
			);
			buildRules = (
			);
			dependencies = (
			);
			name = CeedMath.tvos;
			productName = CeedMath;
			productReference = 691539F91D86E838001F00B3 /* libCeedMath.tvos.a */;
			productType = "com.apple.product-type.library.static";
		};
		69DEA60D1F8FC3A500B1AB7A /* CeedMath-stub.tvos */ = {
			isa = PBXNativeTarget;
			buildConfigurationList = 69DEA61D1F8FC3A500B1AB7A /* Build configuration list for PBXNativeTarget "CeedMath-stub.tvos" */;
			buildPhases = (
				69DEA6191F8FC3A500B1AB7A /* Sources */,
				69DEA61C1F8FC3A500B1AB7A /* Frameworks */,
			);
			buildRules = (
			);
			dependencies = (
				69DEA6241F8FC3CC00B1AB7A /* PBXTargetDependency */,
			);
			name = "CeedMath-stub.tvos";
			productName = CeedMath;
			productReference = 69DEA6221F8FC3A600B1AB7A /* libCeedMath-stub.tvos.a */;
			productType = "com.apple.product-type.library.static";
		};
		69DEA6291F8FC55F00B1AB7A /* CeedMath-stub.ios */ = {
			isa = PBXNativeTarget;
			buildConfigurationList = 69DEA6391F8FC55F00B1AB7A /* Build configuration list for PBXNativeTarget "CeedMath-stub.ios" */;
			buildPhases = (
				69DEA6351F8FC55F00B1AB7A /* Sources */,
				69DEA6381F8FC55F00B1AB7A /* Frameworks */,
			);
			buildRules = (
			);
			dependencies = (
				056306412029C24600B1FCE8 /* PBXTargetDependency */,
			);
			name = "CeedMath-stub.ios";
			productName = CeedMath;
			productReference = 69DEA63E1F8FC55F00B1AB7A /* libCeedMath-stub.ios.a */;
			productType = "com.apple.product-type.library.static";
		};
/* End PBXNativeTarget section */

/* Begin PBXProject section */
		050DB888148932FA00812267 /* Project object */ = {
			isa = PBXProject;
			attributes = {
				LastUpgradeCheck = 0900;
				ORGANIZATIONNAME = Creaceed;
			};
			buildConfigurationList = 050DB88B148932FA00812267 /* Build configuration list for PBXProject "CeedMath" */;
			compatibilityVersion = "Xcode 3.2";
			developmentRegion = English;
			hasScannedForEncodings = 0;
			knownRegions = (
				en,
			);
			mainGroup = 050DB886148932FA00812267;
			productRefGroup = 050DB892148932FA00812267 /* Products */;
			projectDirPath = "";
			projectRoot = "";
			targets = (
				050DB890148932FA00812267 /* CeedMath.mac */,
				05CBD5F71489601F008AB772 /* CeedMath.ios */,
				691539E41D86E838001F00B3 /* CeedMath.tvos */,
				69DEA60D1F8FC3A500B1AB7A /* CeedMath-stub.tvos */,
				69DEA6291F8FC55F00B1AB7A /* CeedMath-stub.ios */,
				05277878148B7339000DF81B /* CeedMathDemo */,
			);
		};
/* End PBXProject section */

/* Begin PBXSourcesBuildPhase section */
		050DB88D148932FA00812267 /* Sources */ = {
			isa = PBXSourcesBuildPhase;
			buildActionMask = 2147483647;
			files = (
				050DB8B1148933AD00812267 /* C3Math.c in Sources */,
				050DB8B2148933AD00812267 /* C3Math.cpp in Sources */,
			);
			runOnlyForDeploymentPostprocessing = 0;
		};
		05277875148B7339000DF81B /* Sources */ = {
			isa = PBXSourcesBuildPhase;
			buildActionMask = 2147483647;
			files = (
				0527787D148B7339000DF81B /* main.c in Sources */,
			);
			runOnlyForDeploymentPostprocessing = 0;
		};
		05CBD6021489601F008AB772 /* Sources */ = {
			isa = PBXSourcesBuildPhase;
			buildActionMask = 2147483647;
			files = (
				05CBD6031489601F008AB772 /* C3Math.c in Sources */,
				05CBD6041489601F008AB772 /* C3Math.cpp in Sources */,
			);
			runOnlyForDeploymentPostprocessing = 0;
		};
		691539F01D86E838001F00B3 /* Sources */ = {
			isa = PBXSourcesBuildPhase;
			buildActionMask = 2147483647;
			files = (
				691539F11D86E838001F00B3 /* C3Math.c in Sources */,
				691539F21D86E838001F00B3 /* C3Math.cpp in Sources */,
			);
			runOnlyForDeploymentPostprocessing = 0;
		};
		69DEA6191F8FC3A500B1AB7A /* Sources */ = {
			isa = PBXSourcesBuildPhase;
			buildActionMask = 2147483647;
			files = (
				69DEA6281F8FC44F00B1AB7A /* stub.c in Sources */,
			);
			runOnlyForDeploymentPostprocessing = 0;
		};
		69DEA6351F8FC55F00B1AB7A /* Sources */ = {
			isa = PBXSourcesBuildPhase;
			buildActionMask = 2147483647;
			files = (
				69DEA63F1F8FC57A00B1AB7A /* stub.c in Sources */,
			);
			runOnlyForDeploymentPostprocessing = 0;
		};
/* End PBXSourcesBuildPhase section */

/* Begin PBXTargetDependency section */
		05277886148B73B6000DF81B /* PBXTargetDependency */ = {
			isa = PBXTargetDependency;
			target = 050DB890148932FA00812267 /* CeedMath.mac */;
			targetProxy = 05277885148B73B6000DF81B /* PBXContainerItemProxy */;
		};
		056306412029C24600B1FCE8 /* PBXTargetDependency */ = {
			isa = PBXTargetDependency;
			target = 05CBD5F71489601F008AB772 /* CeedMath.ios */;
			targetProxy = 056306402029C24600B1FCE8 /* PBXContainerItemProxy */;
		};
		69DEA6241F8FC3CC00B1AB7A /* PBXTargetDependency */ = {
			isa = PBXTargetDependency;
			target = 691539E41D86E838001F00B3 /* CeedMath.tvos */;
			targetProxy = 69DEA6231F8FC3CC00B1AB7A /* PBXContainerItemProxy */;
		};
/* End PBXTargetDependency section */

/* Begin XCBuildConfiguration section */
		050DB893148932FA00812267 /* Debug */ = {
			isa = XCBuildConfiguration;
			buildSettings = {
				ALWAYS_SEARCH_USER_PATHS = NO;
				CLANG_WARN_BLOCK_CAPTURE_AUTORELEASING = YES;
				CLANG_WARN_BOOL_CONVERSION = YES;
				CLANG_WARN_COMMA = YES;
				CLANG_WARN_CONSTANT_CONVERSION = YES;
				CLANG_WARN_EMPTY_BODY = YES;
				CLANG_WARN_ENUM_CONVERSION = YES;
				CLANG_WARN_INFINITE_RECURSION = YES;
				CLANG_WARN_INT_CONVERSION = YES;
				CLANG_WARN_NON_LITERAL_NULL_CONVERSION = YES;
				CLANG_WARN_OBJC_LITERAL_CONVERSION = YES;
				CLANG_WARN_RANGE_LOOP_ANALYSIS = YES;
				CLANG_WARN_STRICT_PROTOTYPES = YES;
				CLANG_WARN_SUSPICIOUS_MOVE = YES;
				CLANG_WARN_UNREACHABLE_CODE = YES;
				CLANG_WARN__DUPLICATE_METHOD_MATCH = YES;
				COPY_PHASE_STRIP = NO;
				ENABLE_STRICT_OBJC_MSGSEND = YES;
				ENABLE_TESTABILITY = YES;
				GCC_ENABLE_OBJC_EXCEPTIONS = YES;
				GCC_NO_COMMON_BLOCKS = YES;
				GCC_OPTIMIZATION_LEVEL = 0;
				GCC_PREPROCESSOR_DEFINITIONS = (
					"DEBUG=1",
					"$(inherited)",
				);
				GCC_SYMBOLS_PRIVATE_EXTERN = NO;
				GCC_WARN_64_TO_32_BIT_CONVERSION = YES;
				GCC_WARN_ABOUT_MISSING_PROTOTYPES = YES;
				GCC_WARN_ABOUT_RETURN_TYPE = YES;
				GCC_WARN_UNDECLARED_SELECTOR = YES;
				GCC_WARN_UNINITIALIZED_AUTOS = YES;
				GCC_WARN_UNUSED_FUNCTION = YES;
				GCC_WARN_UNUSED_VARIABLE = YES;
				MACOSX_DEPLOYMENT_TARGET = 10.7;
				ONLY_ACTIVE_ARCH = YES;
				SDKROOT = macosx;
			};
			name = Debug;
		};
		050DB894148932FA00812267 /* Release */ = {
			isa = XCBuildConfiguration;
			buildSettings = {
				ALWAYS_SEARCH_USER_PATHS = NO;
				CLANG_WARN_BLOCK_CAPTURE_AUTORELEASING = YES;
				CLANG_WARN_BOOL_CONVERSION = YES;
				CLANG_WARN_COMMA = YES;
				CLANG_WARN_CONSTANT_CONVERSION = YES;
				CLANG_WARN_EMPTY_BODY = YES;
				CLANG_WARN_ENUM_CONVERSION = YES;
				CLANG_WARN_INFINITE_RECURSION = YES;
				CLANG_WARN_INT_CONVERSION = YES;
				CLANG_WARN_NON_LITERAL_NULL_CONVERSION = YES;
				CLANG_WARN_OBJC_LITERAL_CONVERSION = YES;
				CLANG_WARN_RANGE_LOOP_ANALYSIS = YES;
				CLANG_WARN_STRICT_PROTOTYPES = YES;
				CLANG_WARN_SUSPICIOUS_MOVE = YES;
				CLANG_WARN_UNREACHABLE_CODE = YES;
				CLANG_WARN__DUPLICATE_METHOD_MATCH = YES;
				COPY_PHASE_STRIP = YES;
				DEBUG_INFORMATION_FORMAT = "dwarf-with-dsym";
				ENABLE_STRICT_OBJC_MSGSEND = YES;
				GCC_ENABLE_OBJC_EXCEPTIONS = YES;
				GCC_NO_COMMON_BLOCKS = YES;
				GCC_WARN_64_TO_32_BIT_CONVERSION = YES;
				GCC_WARN_ABOUT_MISSING_PROTOTYPES = YES;
				GCC_WARN_ABOUT_RETURN_TYPE = YES;
				GCC_WARN_UNDECLARED_SELECTOR = YES;
				GCC_WARN_UNINITIALIZED_AUTOS = YES;
				GCC_WARN_UNUSED_FUNCTION = YES;
				GCC_WARN_UNUSED_VARIABLE = YES;
				MACOSX_DEPLOYMENT_TARGET = 10.7;
				SDKROOT = macosx;
			};
			name = Release;
		};
		050DB896148932FA00812267 /* Debug */ = {
			isa = XCBuildConfiguration;
			buildSettings = {
				COPY_PHASE_STRIP = NO;
				EXECUTABLE_PREFIX = lib;
				HEADER_SEARCH_PATHS = (
					"\"$(BUILT_PRODUCTS_DIR)\"",
					"\"$(OBJROOT)/UninstalledProducts\"",
				);
				PRODUCT_NAME = "$(TARGET_NAME)";
				PUBLIC_HEADERS_FOLDER_PATH = CeedMath;
				STRIP_INSTALLED_PRODUCT = NO;
			};
			name = Debug;
		};
		050DB897148932FA00812267 /* Release */ = {
			isa = XCBuildConfiguration;
			buildSettings = {
				COPY_PHASE_STRIP = NO;
				EXECUTABLE_PREFIX = lib;
				HEADER_SEARCH_PATHS = (
					"\"$(BUILT_PRODUCTS_DIR)\"",
					"\"$(OBJROOT)/UninstalledProducts\"",
				);
				PRODUCT_NAME = "$(TARGET_NAME)";
				PUBLIC_HEADERS_FOLDER_PATH = CeedMath;
				STRIP_INSTALLED_PRODUCT = NO;
			};
			name = Release;
		};
		05277880148B7339000DF81B /* Debug */ = {
			isa = XCBuildConfiguration;
			buildSettings = {
				HEADER_SEARCH_PATHS = (
					"\"$(DSTROOT)\"",
					"\"$(CONFIGURATION_BUILD_DIR)\"",
				);
				PRODUCT_NAME = "$(TARGET_NAME)";
			};
			name = Debug;
		};
		05277881148B7339000DF81B /* Release */ = {
			isa = XCBuildConfiguration;
			buildSettings = {
				HEADER_SEARCH_PATHS = (
					"\"$(DSTROOT)\"",
					"\"$(CONFIGURATION_BUILD_DIR)\"",
				);
				PRODUCT_NAME = "$(TARGET_NAME)";
			};
			name = Release;
		};
		05CBD6071489601F008AB772 /* Debug */ = {
			isa = XCBuildConfiguration;
			buildSettings = {
				COPY_PHASE_STRIP = NO;
				EXECUTABLE_PREFIX = lib;
				HEADER_SEARCH_PATHS = (
					"\"$(BUILT_PRODUCTS_DIR)\"",
					"\"$(OBJROOT)/UninstalledProducts/iphoneos\"",
					"\"$(OBJROOT)/UninstalledProducts\"",
				);
				IPHONEOS_DEPLOYMENT_TARGET = 9.0;
				PRODUCT_NAME = "$(TARGET_NAME)";
				PUBLIC_HEADERS_FOLDER_PATH = CeedMath;
				SDKROOT = iphoneos;
				SKIP_INSTALL = YES;
				STRIP_INSTALLED_PRODUCT = NO;
			};
			name = Debug;
		};
		05CBD6081489601F008AB772 /* Release */ = {
			isa = XCBuildConfiguration;
			buildSettings = {
				COPY_PHASE_STRIP = NO;
				EXECUTABLE_PREFIX = lib;
				HEADER_SEARCH_PATHS = (
					"\"$(BUILT_PRODUCTS_DIR)\"",
					"\"$(OBJROOT)/UninstalledProducts/iphoneos\"",
					"\"$(OBJROOT)/UninstalledProducts\"",
				);
				IPHONEOS_DEPLOYMENT_TARGET = 9.0;
				PRODUCT_NAME = "$(TARGET_NAME)";
				PUBLIC_HEADERS_FOLDER_PATH = CeedMath;
				SDKROOT = iphoneos;
				SKIP_INSTALL = YES;
				STRIP_INSTALLED_PRODUCT = NO;
			};
			name = Release;
		};
		14F0143E196DA4A000C8051B /* AdHoc */ = {
			isa = XCBuildConfiguration;
			buildSettings = {
				ALWAYS_SEARCH_USER_PATHS = NO;
				CLANG_WARN_BLOCK_CAPTURE_AUTORELEASING = YES;
				CLANG_WARN_BOOL_CONVERSION = YES;
				CLANG_WARN_COMMA = YES;
				CLANG_WARN_CONSTANT_CONVERSION = YES;
				CLANG_WARN_EMPTY_BODY = YES;
				CLANG_WARN_ENUM_CONVERSION = YES;
				CLANG_WARN_INFINITE_RECURSION = YES;
				CLANG_WARN_INT_CONVERSION = YES;
				CLANG_WARN_NON_LITERAL_NULL_CONVERSION = YES;
				CLANG_WARN_OBJC_LITERAL_CONVERSION = YES;
				CLANG_WARN_RANGE_LOOP_ANALYSIS = YES;
				CLANG_WARN_STRICT_PROTOTYPES = YES;
				CLANG_WARN_SUSPICIOUS_MOVE = YES;
				CLANG_WARN_UNREACHABLE_CODE = YES;
				CLANG_WARN__DUPLICATE_METHOD_MATCH = YES;
				COPY_PHASE_STRIP = YES;
				DEBUG_INFORMATION_FORMAT = "dwarf-with-dsym";
				ENABLE_STRICT_OBJC_MSGSEND = YES;
				GCC_ENABLE_OBJC_EXCEPTIONS = YES;
				GCC_NO_COMMON_BLOCKS = YES;
				GCC_WARN_64_TO_32_BIT_CONVERSION = YES;
				GCC_WARN_ABOUT_MISSING_PROTOTYPES = YES;
				GCC_WARN_ABOUT_RETURN_TYPE = YES;
				GCC_WARN_UNDECLARED_SELECTOR = YES;
				GCC_WARN_UNINITIALIZED_AUTOS = YES;
				GCC_WARN_UNUSED_FUNCTION = YES;
				GCC_WARN_UNUSED_VARIABLE = YES;
				MACOSX_DEPLOYMENT_TARGET = 10.7;
				SDKROOT = macosx;
			};
			name = AdHoc;
		};
		14F0143F196DA4A000C8051B /* AdHoc */ = {
			isa = XCBuildConfiguration;
			buildSettings = {
				COPY_PHASE_STRIP = NO;
				EXECUTABLE_PREFIX = lib;
				HEADER_SEARCH_PATHS = (
					"\"$(BUILT_PRODUCTS_DIR)\"",
					"\"$(OBJROOT)/UninstalledProducts\"",
				);
				PRODUCT_NAME = "$(TARGET_NAME)";
				PUBLIC_HEADERS_FOLDER_PATH = CeedMath;
				STRIP_INSTALLED_PRODUCT = NO;
			};
			name = AdHoc;
		};
		14F01440196DA4A000C8051B /* AdHoc */ = {
			isa = XCBuildConfiguration;
			buildSettings = {
				COPY_PHASE_STRIP = NO;
				EXECUTABLE_PREFIX = lib;
				HEADER_SEARCH_PATHS = (
					"\"$(BUILT_PRODUCTS_DIR)\"",
					"\"$(OBJROOT)/UninstalledProducts/iphoneos\"",
					"\"$(OBJROOT)/UninstalledProducts\"",
				);
				IPHONEOS_DEPLOYMENT_TARGET = 9.0;
				PRODUCT_NAME = "$(TARGET_NAME)";
				PUBLIC_HEADERS_FOLDER_PATH = CeedMath;
				SDKROOT = iphoneos;
				SKIP_INSTALL = YES;
				STRIP_INSTALLED_PRODUCT = NO;
			};
			name = AdHoc;
		};
		14F01441196DA4A000C8051B /* AdHoc */ = {
			isa = XCBuildConfiguration;
			buildSettings = {
				HEADER_SEARCH_PATHS = (
					"\"$(DSTROOT)\"",
					"\"$(CONFIGURATION_BUILD_DIR)\"",
				);
				PRODUCT_NAME = "$(TARGET_NAME)";
			};
			name = AdHoc;
		};
		14F01442196DA4A600C8051B /* Distribution */ = {
			isa = XCBuildConfiguration;
			buildSettings = {
				ALWAYS_SEARCH_USER_PATHS = NO;
				CLANG_WARN_BLOCK_CAPTURE_AUTORELEASING = YES;
				CLANG_WARN_BOOL_CONVERSION = YES;
				CLANG_WARN_COMMA = YES;
				CLANG_WARN_CONSTANT_CONVERSION = YES;
				CLANG_WARN_EMPTY_BODY = YES;
				CLANG_WARN_ENUM_CONVERSION = YES;
				CLANG_WARN_INFINITE_RECURSION = YES;
				CLANG_WARN_INT_CONVERSION = YES;
				CLANG_WARN_NON_LITERAL_NULL_CONVERSION = YES;
				CLANG_WARN_OBJC_LITERAL_CONVERSION = YES;
				CLANG_WARN_RANGE_LOOP_ANALYSIS = YES;
				CLANG_WARN_STRICT_PROTOTYPES = YES;
				CLANG_WARN_SUSPICIOUS_MOVE = YES;
				CLANG_WARN_UNREACHABLE_CODE = YES;
				CLANG_WARN__DUPLICATE_METHOD_MATCH = YES;
				COPY_PHASE_STRIP = YES;
				DEBUG_INFORMATION_FORMAT = "dwarf-with-dsym";
				ENABLE_STRICT_OBJC_MSGSEND = YES;
				GCC_ENABLE_OBJC_EXCEPTIONS = YES;
				GCC_NO_COMMON_BLOCKS = YES;
				GCC_WARN_64_TO_32_BIT_CONVERSION = YES;
				GCC_WARN_ABOUT_MISSING_PROTOTYPES = YES;
				GCC_WARN_ABOUT_RETURN_TYPE = YES;
				GCC_WARN_UNDECLARED_SELECTOR = YES;
				GCC_WARN_UNINITIALIZED_AUTOS = YES;
				GCC_WARN_UNUSED_FUNCTION = YES;
				GCC_WARN_UNUSED_VARIABLE = YES;
				MACOSX_DEPLOYMENT_TARGET = 10.7;
				SDKROOT = macosx;
			};
			name = Distribution;
		};
		14F01443196DA4A600C8051B /* Distribution */ = {
			isa = XCBuildConfiguration;
			buildSettings = {
				COPY_PHASE_STRIP = NO;
				EXECUTABLE_PREFIX = lib;
				HEADER_SEARCH_PATHS = (
					"\"$(BUILT_PRODUCTS_DIR)\"",
					"\"$(OBJROOT)/UninstalledProducts\"",
				);
				PRODUCT_NAME = "$(TARGET_NAME)";
				PUBLIC_HEADERS_FOLDER_PATH = CeedMath;
				STRIP_INSTALLED_PRODUCT = NO;
			};
			name = Distribution;
		};
		14F01444196DA4A600C8051B /* Distribution */ = {
			isa = XCBuildConfiguration;
			buildSettings = {
				COPY_PHASE_STRIP = NO;
				EXECUTABLE_PREFIX = lib;
				HEADER_SEARCH_PATHS = (
					"\"$(BUILT_PRODUCTS_DIR)\"",
					"\"$(OBJROOT)/UninstalledProducts/iphoneos\"",
					"\"$(OBJROOT)/UninstalledProducts\"",
				);
				IPHONEOS_DEPLOYMENT_TARGET = 9.0;
				PRODUCT_NAME = "$(TARGET_NAME)";
				PUBLIC_HEADERS_FOLDER_PATH = CeedMath;
				SDKROOT = iphoneos;
				SKIP_INSTALL = YES;
				STRIP_INSTALLED_PRODUCT = NO;
			};
			name = Distribution;
		};
		14F01445196DA4A600C8051B /* Distribution */ = {
			isa = XCBuildConfiguration;
			buildSettings = {
				HEADER_SEARCH_PATHS = (
					"\"$(DSTROOT)\"",
					"\"$(CONFIGURATION_BUILD_DIR)\"",
				);
				PRODUCT_NAME = "$(TARGET_NAME)";
			};
			name = Distribution;
		};
		691539F51D86E838001F00B3 /* Debug */ = {
			isa = XCBuildConfiguration;
			buildSettings = {
				COPY_PHASE_STRIP = NO;
				EXECUTABLE_PREFIX = lib;
				HEADER_SEARCH_PATHS = (
					"\"$(BUILT_PRODUCTS_DIR)\"",
					"\"$(OBJROOT)/UninstalledProducts/iphoneos\"",
					"\"$(OBJROOT)/UninstalledProducts\"",
				);
				IPHONEOS_DEPLOYMENT_TARGET = 9.0;
				PRODUCT_NAME = "$(TARGET_NAME)";
				PUBLIC_HEADERS_FOLDER_PATH = CeedMath;
				SDKROOT = appletvos;
				SKIP_INSTALL = YES;
				STRIP_INSTALLED_PRODUCT = NO;
				TVOS_DEPLOYMENT_TARGET = 10.0;
			};
			name = Debug;
		};
		691539F61D86E838001F00B3 /* Release */ = {
			isa = XCBuildConfiguration;
			buildSettings = {
				COPY_PHASE_STRIP = NO;
				EXECUTABLE_PREFIX = lib;
				HEADER_SEARCH_PATHS = (
					"\"$(BUILT_PRODUCTS_DIR)\"",
					"\"$(OBJROOT)/UninstalledProducts/iphoneos\"",
					"\"$(OBJROOT)/UninstalledProducts\"",
				);
				IPHONEOS_DEPLOYMENT_TARGET = 9.0;
				PRODUCT_NAME = "$(TARGET_NAME)";
				PUBLIC_HEADERS_FOLDER_PATH = CeedMath;
				SDKROOT = appletvos;
				SKIP_INSTALL = YES;
				STRIP_INSTALLED_PRODUCT = NO;
				TVOS_DEPLOYMENT_TARGET = 10.0;
			};
			name = Release;
		};
		691539F71D86E838001F00B3 /* Distribution */ = {
			isa = XCBuildConfiguration;
			buildSettings = {
				COPY_PHASE_STRIP = NO;
				EXECUTABLE_PREFIX = lib;
				HEADER_SEARCH_PATHS = (
					"\"$(BUILT_PRODUCTS_DIR)\"",
					"\"$(OBJROOT)/UninstalledProducts/iphoneos\"",
					"\"$(OBJROOT)/UninstalledProducts\"",
				);
				IPHONEOS_DEPLOYMENT_TARGET = 9.0;
				PRODUCT_NAME = "$(TARGET_NAME)";
				PUBLIC_HEADERS_FOLDER_PATH = CeedMath;
				SDKROOT = appletvos;
				SKIP_INSTALL = YES;
				STRIP_INSTALLED_PRODUCT = NO;
				TVOS_DEPLOYMENT_TARGET = 10.0;
			};
			name = Distribution;
		};
		691539F81D86E838001F00B3 /* AdHoc */ = {
			isa = XCBuildConfiguration;
			buildSettings = {
				COPY_PHASE_STRIP = NO;
				EXECUTABLE_PREFIX = lib;
				HEADER_SEARCH_PATHS = (
					"\"$(BUILT_PRODUCTS_DIR)\"",
					"\"$(OBJROOT)/UninstalledProducts/iphoneos\"",
					"\"$(OBJROOT)/UninstalledProducts\"",
				);
				IPHONEOS_DEPLOYMENT_TARGET = 9.0;
				PRODUCT_NAME = "$(TARGET_NAME)";
				PUBLIC_HEADERS_FOLDER_PATH = CeedMath;
				SDKROOT = appletvos;
				SKIP_INSTALL = YES;
				STRIP_INSTALLED_PRODUCT = NO;
				TVOS_DEPLOYMENT_TARGET = 10.0;
			};
			name = AdHoc;
		};
		69DEA61E1F8FC3A500B1AB7A /* Debug */ = {
			isa = XCBuildConfiguration;
			buildSettings = {
				COPY_PHASE_STRIP = NO;
				EXECUTABLE_PREFIX = lib;
				HEADER_SEARCH_PATHS = (
					"\"$(BUILT_PRODUCTS_DIR)\"",
					"\"$(OBJROOT)/UninstalledProducts/iphoneos\"",
					"\"$(OBJROOT)/UninstalledProducts\"",
				);
				IPHONEOS_DEPLOYMENT_TARGET = 9.0;
				PRODUCT_NAME = "$(TARGET_NAME)";
				PUBLIC_HEADERS_FOLDER_PATH = CeedMath;
				SDKROOT = appletvos;
				SKIP_INSTALL = YES;
				STRIP_INSTALLED_PRODUCT = NO;
				TVOS_DEPLOYMENT_TARGET = 10.0;
			};
			name = Debug;
		};
		69DEA61F1F8FC3A500B1AB7A /* Release */ = {
			isa = XCBuildConfiguration;
			buildSettings = {
				COPY_PHASE_STRIP = NO;
				EXECUTABLE_PREFIX = lib;
				HEADER_SEARCH_PATHS = (
					"\"$(BUILT_PRODUCTS_DIR)\"",
					"\"$(OBJROOT)/UninstalledProducts/iphoneos\"",
					"\"$(OBJROOT)/UninstalledProducts\"",
				);
				IPHONEOS_DEPLOYMENT_TARGET = 9.0;
				PRODUCT_NAME = "$(TARGET_NAME)";
				PUBLIC_HEADERS_FOLDER_PATH = CeedMath;
				SDKROOT = appletvos;
				SKIP_INSTALL = YES;
				STRIP_INSTALLED_PRODUCT = NO;
				TVOS_DEPLOYMENT_TARGET = 10.0;
			};
			name = Release;
		};
		69DEA6201F8FC3A500B1AB7A /* Distribution */ = {
			isa = XCBuildConfiguration;
			buildSettings = {
				COPY_PHASE_STRIP = NO;
				EXECUTABLE_PREFIX = lib;
				HEADER_SEARCH_PATHS = (
					"\"$(BUILT_PRODUCTS_DIR)\"",
					"\"$(OBJROOT)/UninstalledProducts/iphoneos\"",
					"\"$(OBJROOT)/UninstalledProducts\"",
				);
				IPHONEOS_DEPLOYMENT_TARGET = 9.0;
				PRODUCT_NAME = "$(TARGET_NAME)";
				PUBLIC_HEADERS_FOLDER_PATH = CeedMath;
				SDKROOT = appletvos;
				SKIP_INSTALL = YES;
				STRIP_INSTALLED_PRODUCT = NO;
				TVOS_DEPLOYMENT_TARGET = 10.0;
			};
			name = Distribution;
		};
		69DEA6211F8FC3A500B1AB7A /* AdHoc */ = {
			isa = XCBuildConfiguration;
			buildSettings = {
				COPY_PHASE_STRIP = NO;
				EXECUTABLE_PREFIX = lib;
				HEADER_SEARCH_PATHS = (
					"\"$(BUILT_PRODUCTS_DIR)\"",
					"\"$(OBJROOT)/UninstalledProducts/iphoneos\"",
					"\"$(OBJROOT)/UninstalledProducts\"",
				);
				IPHONEOS_DEPLOYMENT_TARGET = 9.0;
				PRODUCT_NAME = "$(TARGET_NAME)";
				PUBLIC_HEADERS_FOLDER_PATH = CeedMath;
				SDKROOT = appletvos;
				SKIP_INSTALL = YES;
				STRIP_INSTALLED_PRODUCT = NO;
				TVOS_DEPLOYMENT_TARGET = 10.0;
			};
			name = AdHoc;
		};
		69DEA63A1F8FC55F00B1AB7A /* Debug */ = {
			isa = XCBuildConfiguration;
			buildSettings = {
				COPY_PHASE_STRIP = NO;
				EXECUTABLE_PREFIX = lib;
				HEADER_SEARCH_PATHS = (
					"\"$(BUILT_PRODUCTS_DIR)\"",
					"\"$(OBJROOT)/UninstalledProducts/iphoneos\"",
					"\"$(OBJROOT)/UninstalledProducts\"",
				);
				IPHONEOS_DEPLOYMENT_TARGET = 9.0;
				PRODUCT_NAME = "$(TARGET_NAME)";
				PUBLIC_HEADERS_FOLDER_PATH = CeedMath;
				SDKROOT = iphoneos;
				SKIP_INSTALL = YES;
				STRIP_INSTALLED_PRODUCT = NO;
			};
			name = Debug;
		};
		69DEA63B1F8FC55F00B1AB7A /* Release */ = {
			isa = XCBuildConfiguration;
			buildSettings = {
				COPY_PHASE_STRIP = NO;
				EXECUTABLE_PREFIX = lib;
				HEADER_SEARCH_PATHS = (
					"\"$(BUILT_PRODUCTS_DIR)\"",
					"\"$(OBJROOT)/UninstalledProducts/iphoneos\"",
					"\"$(OBJROOT)/UninstalledProducts\"",
				);
				IPHONEOS_DEPLOYMENT_TARGET = 9.0;
				PRODUCT_NAME = "$(TARGET_NAME)";
				PUBLIC_HEADERS_FOLDER_PATH = CeedMath;
				SDKROOT = iphoneos;
				SKIP_INSTALL = YES;
				STRIP_INSTALLED_PRODUCT = NO;
			};
			name = Release;
		};
		69DEA63C1F8FC55F00B1AB7A /* Distribution */ = {
			isa = XCBuildConfiguration;
			buildSettings = {
				COPY_PHASE_STRIP = NO;
				EXECUTABLE_PREFIX = lib;
				HEADER_SEARCH_PATHS = (
					"\"$(BUILT_PRODUCTS_DIR)\"",
					"\"$(OBJROOT)/UninstalledProducts/iphoneos\"",
					"\"$(OBJROOT)/UninstalledProducts\"",
				);
				IPHONEOS_DEPLOYMENT_TARGET = 9.0;
				PRODUCT_NAME = "$(TARGET_NAME)";
				PUBLIC_HEADERS_FOLDER_PATH = CeedMath;
				SDKROOT = iphoneos;
				SKIP_INSTALL = YES;
				STRIP_INSTALLED_PRODUCT = NO;
			};
			name = Distribution;
		};
		69DEA63D1F8FC55F00B1AB7A /* AdHoc */ = {
			isa = XCBuildConfiguration;
			buildSettings = {
				COPY_PHASE_STRIP = NO;
				EXECUTABLE_PREFIX = lib;
				HEADER_SEARCH_PATHS = (
					"\"$(BUILT_PRODUCTS_DIR)\"",
					"\"$(OBJROOT)/UninstalledProducts/iphoneos\"",
					"\"$(OBJROOT)/UninstalledProducts\"",
				);
				IPHONEOS_DEPLOYMENT_TARGET = 9.0;
				PRODUCT_NAME = "$(TARGET_NAME)";
				PUBLIC_HEADERS_FOLDER_PATH = CeedMath;
				SDKROOT = iphoneos;
				SKIP_INSTALL = YES;
				STRIP_INSTALLED_PRODUCT = NO;
			};
			name = AdHoc;
		};
/* End XCBuildConfiguration section */

/* Begin XCConfigurationList section */
		050DB88B148932FA00812267 /* Build configuration list for PBXProject "CeedMath" */ = {
			isa = XCConfigurationList;
			buildConfigurations = (
				050DB893148932FA00812267 /* Debug */,
				050DB894148932FA00812267 /* Release */,
				14F01442196DA4A600C8051B /* Distribution */,
				14F0143E196DA4A000C8051B /* AdHoc */,
			);
			defaultConfigurationIsVisible = 0;
			defaultConfigurationName = Release;
		};
		050DB895148932FA00812267 /* Build configuration list for PBXNativeTarget "CeedMath.mac" */ = {
			isa = XCConfigurationList;
			buildConfigurations = (
				050DB896148932FA00812267 /* Debug */,
				050DB897148932FA00812267 /* Release */,
				14F01443196DA4A600C8051B /* Distribution */,
				14F0143F196DA4A000C8051B /* AdHoc */,
			);
			defaultConfigurationIsVisible = 0;
			defaultConfigurationName = Release;
		};
		05277882148B7339000DF81B /* Build configuration list for PBXNativeTarget "CeedMathDemo" */ = {
			isa = XCConfigurationList;
			buildConfigurations = (
				05277880148B7339000DF81B /* Debug */,
				05277881148B7339000DF81B /* Release */,
				14F01445196DA4A600C8051B /* Distribution */,
				14F01441196DA4A000C8051B /* AdHoc */,
			);
			defaultConfigurationIsVisible = 0;
			defaultConfigurationName = Release;
		};
		05CBD6061489601F008AB772 /* Build configuration list for PBXNativeTarget "CeedMath.ios" */ = {
			isa = XCConfigurationList;
			buildConfigurations = (
				05CBD6071489601F008AB772 /* Debug */,
				05CBD6081489601F008AB772 /* Release */,
				14F01444196DA4A600C8051B /* Distribution */,
				14F01440196DA4A000C8051B /* AdHoc */,
			);
			defaultConfigurationIsVisible = 0;
			defaultConfigurationName = Release;
		};
		691539F41D86E838001F00B3 /* Build configuration list for PBXNativeTarget "CeedMath.tvos" */ = {
			isa = XCConfigurationList;
			buildConfigurations = (
				691539F51D86E838001F00B3 /* Debug */,
				691539F61D86E838001F00B3 /* Release */,
				691539F71D86E838001F00B3 /* Distribution */,
				691539F81D86E838001F00B3 /* AdHoc */,
			);
			defaultConfigurationIsVisible = 0;
			defaultConfigurationName = Release;
		};
		69DEA61D1F8FC3A500B1AB7A /* Build configuration list for PBXNativeTarget "CeedMath-stub.tvos" */ = {
			isa = XCConfigurationList;
			buildConfigurations = (
				69DEA61E1F8FC3A500B1AB7A /* Debug */,
				69DEA61F1F8FC3A500B1AB7A /* Release */,
				69DEA6201F8FC3A500B1AB7A /* Distribution */,
				69DEA6211F8FC3A500B1AB7A /* AdHoc */,
			);
			defaultConfigurationIsVisible = 0;
			defaultConfigurationName = Release;
		};
		69DEA6391F8FC55F00B1AB7A /* Build configuration list for PBXNativeTarget "CeedMath-stub.ios" */ = {
			isa = XCConfigurationList;
			buildConfigurations = (
				69DEA63A1F8FC55F00B1AB7A /* Debug */,
				69DEA63B1F8FC55F00B1AB7A /* Release */,
				69DEA63C1F8FC55F00B1AB7A /* Distribution */,
				69DEA63D1F8FC55F00B1AB7A /* AdHoc */,
			);
			defaultConfigurationIsVisible = 0;
			defaultConfigurationName = Release;
		};
/* End XCConfigurationList section */
	};
	rootObject = 050DB888148932FA00812267 /* Project object */;
}
